
Microsoft Visual Studio Solution File, Format Version 11.00
# Visual Studio 2010
Project("{FAE04EC0-301F-11D3-BF4B-00C04F79EFBC}") = "Server", "src\Server.csproj", "{9815B071-65B9-432A-8408-A75403578651}"
EndProject
Project("{FAE04EC0-301F-11D3-BF4B-00C04F79EFBC}") = "Tests", "tests\Tests.csproj", "{C2B10A6C-7C61-4E70-B66E-1543B09D3D65}"
EndProject
Project("{FAE04EC0-301F-11D3-BF4B-00C04F79EFBC}") = "TestPlugin", "TestPlugin\TestPlugin.csproj", "{7C166B1A-E547-4F0A-A3A4-1506C04F4940}"
EndProject
Project("{FAE04EC0-301F-11D3-BF4B-00C04F79EFBC}") = "JsonConfig", "JsonConfig\JsonConfig\JsonConfig.csproj", "{10095092-E1E5-441F-9380-B6329F3CFEB4}"
EndProject
Global
	GlobalSection(SolutionConfigurationPlatforms) = preSolution
		Debug|x86 = Debug|x86
		Release|x86 = Release|x86
	EndGlobalSection
	GlobalSection(ProjectConfigurationPlatforms) = postSolution
		{10095092-E1E5-441F-9380-B6329F3CFEB4}.Debug|x86.ActiveCfg = Debug|x86
		{10095092-E1E5-441F-9380-B6329F3CFEB4}.Debug|x86.Build.0 = Debug|x86
		{10095092-E1E5-441F-9380-B6329F3CFEB4}.Release|x86.ActiveCfg = Release|x86
		{10095092-E1E5-441F-9380-B6329F3CFEB4}.Release|x86.Build.0 = Release|x86
		{7C166B1A-E547-4F0A-A3A4-1506C04F4940}.Debug|x86.ActiveCfg = Debug|x86
		{7C166B1A-E547-4F0A-A3A4-1506C04F4940}.Debug|x86.Build.0 = Debug|x86
		{7C166B1A-E547-4F0A-A3A4-1506C04F4940}.Release|x86.ActiveCfg = Release|x86
		{7C166B1A-E547-4F0A-A3A4-1506C04F4940}.Release|x86.Build.0 = Release|x86
		{9815B071-65B9-432A-8408-A75403578651}.Debug|x86.ActiveCfg = Debug|x86
		{9815B071-65B9-432A-8408-A75403578651}.Debug|x86.Build.0 = Debug|x86
		{9815B071-65B9-432A-8408-A75403578651}.Release|x86.ActiveCfg = Release|x86
		{9815B071-65B9-432A-8408-A75403578651}.Release|x86.Build.0 = Release|x86
		{C2B10A6C-7C61-4E70-B66E-1543B09D3D65}.Debug|x86.ActiveCfg = Debug|Any CPU
		{C2B10A6C-7C61-4E70-B66E-1543B09D3D65}.Debug|x86.Build.0 = Debug|Any CPU
		{C2B10A6C-7C61-4E70-B66E-1543B09D3D65}.Release|x86.ActiveCfg = Release|Any CPU
		{C2B10A6C-7C61-4E70-B66E-1543B09D3D65}.Release|x86.Build.0 = Release|Any CPU
	EndGlobalSection
	GlobalSection(MonoDevelopProperties) = preSolution
		StartupItem = src\Server.csproj
		Policies = $0
		$0.DotNetNamingPolicy = $1
		$1.DirectoryNamespaceAssociation = None
		$1.ResourceNamePolicy = FileFormatDefault
		$0.VersionControlPolicy = $2
		$2.CommitMessageStyle = $3
		$3.FileSeparator = ", "
		$3.LineAlign = 0
		$3.InterMessageLines = 0
		$2.inheritsSet = Mono
		$0.ChangeLogPolicy = $4
		$4.UpdateMode = None
		$4.MessageStyle = $5
		$5.LineAlign = 0
		$4.inheritsSet = Mono
		$0.StandardHeader = $6
		$6.Text = @\n Author:\n   ${AuthorName} ${AuthorEmail}\n\n Copyright (c) ${Year}\n\n All rights reserved.\n\n Redistribution and use in source and binary forms, with or without modification, are permitted provided that the following conditions are met:\n\n    * Redistributions in modified binary form must provide the modified source code.\n    * Redistributions of source code must retain the above copyright notice, this list of conditions and the following disclaimer.\n    * Redistributions in binary form must reproduce the above copyright notice, this list of conditions and the following disclaimer in\n      the documentation and/or other materials provided with the distribution.\n    * Neither the name of the [ORGANIZATION] nor the names of its contributors may be used to endorse or promote products derived from this software without specific prior written permission.\n\n THIS SOFTWARE IS PROVIDED BY THE COPYRIGHT HOLDERS AND CONTRIBUTORS\n "AS IS" AND ANY EXPRESS OR IMPLIED WARRANTIES, INCLUDING, BUT NOT\n LIMITED TO, THE IMPLIED WARRANTIES OF MERCHANTABILITY AND FITNESS FOR\n A PARTICULAR PURPOSE ARE DISCLAIMED. IN NO EVENT SHALL THE COPYRIGHT OWNER OR\n CONTRIBUTORS BE LIABLE FOR ANY DIRECT, INDIRECT, INCIDENTAL, SPECIAL,\n EXEMPLARY, OR CONSEQUENTIAL DAMAGES (INCLUDING, BUT NOT LIMITED TO,\n PROCUREMENT OF SUBSTITUTE GOODS OR SERVICES; LOSS OF USE, DATA, OR\n PROFITS; OR BUSINESS INTERRUPTION) HOWEVER CAUSED AND ON ANY THEORY OF\n LIABILITY, WHETHER IN CONTRACT, STRICT LIABILITY, OR TORT (INCLUDING\n NEGLIGENCE OR OTHERWISE) ARISING IN ANY WAY OUT OF THE USE OF THIS\n SOFTWARE, EVEN IF ADVISED OF THE POSSIBILITY OF SUCH DAMAGE.\n
		$6.IncludeInNewFiles = True
		$0.NameConventionPolicy = $7
		$7.Rules = $8
		$8.NamingRule = $9
		$9.Name = Namespaces
		$9.AffectedEntity = Namespace
		$9.VisibilityMask = VisibilityMask
		$9.NamingStyle = PascalCase
		$9.IncludeInstanceMembers = True
		$9.IncludeStaticEntities = True
		$8.NamingRule = $10
		$10.Name = Types
		$10.AffectedEntity = Class, Struct, Enum, Delegate
		$10.VisibilityMask = Public
		$10.NamingStyle = PascalCase
		$10.IncludeInstanceMembers = True
		$10.IncludeStaticEntities = True
		$8.NamingRule = $11
		$11.Name = Interfaces
		$11.RequiredPrefixes = $12
		$12.String = I
		$11.AffectedEntity = Interface
		$11.VisibilityMask = Public
		$11.NamingStyle = PascalCase
		$11.IncludeInstanceMembers = True
		$11.IncludeStaticEntities = True
		$8.NamingRule = $13
		$13.Name = Attributes
		$13.RequiredSuffixes = $14
		$14.String = Attribute
		$13.AffectedEntity = CustomAttributes
		$13.VisibilityMask = Public
		$13.NamingStyle = PascalCase
		$13.IncludeInstanceMembers = True
		$13.IncludeStaticEntities = True
		$8.NamingRule = $15
		$15.Name = Event Arguments
		$15.RequiredSuffixes = $16
		$16.String = EventArgs
		$15.AffectedEntity = CustomEventArgs
		$15.VisibilityMask = Public
		$15.NamingStyle = PascalCase
		$15.IncludeInstanceMembers = True
		$15.IncludeStaticEntities = True
		$8.NamingRule = $17
		$17.Name = Exceptions
		$17.RequiredSuffixes = $18
		$18.String = Exception
		$17.AffectedEntity = CustomExceptions
		$17.VisibilityMask = VisibilityMask
		$17.NamingStyle = PascalCase
		$17.IncludeInstanceMembers = True
		$17.IncludeStaticEntities = True
		$8.NamingRule = $19
		$19.Name = Methods
		$19.AffectedEntity = Methods
		$19.VisibilityMask = Protected, Public
		$19.NamingStyle = PascalCase
		$19.IncludeInstanceMembers = True
		$19.IncludeStaticEntities = True
		$8.NamingRule = $20
		$20.Name = Static Readonly Fields
		$20.AffectedEntity = ReadonlyField
		$20.VisibilityMask = Protected, Public
		$20.NamingStyle = PascalCase
		$20.IncludeInstanceMembers = False
		$20.IncludeStaticEntities = True
		$8.NamingRule = $21
		$21.Name = Fields
		$21.AffectedEntity = Field
		$21.VisibilityMask = Protected, Public
		$21.NamingStyle = PascalCase
		$21.IncludeInstanceMembers = True
		$21.IncludeStaticEntities = True
		$8.NamingRule = $22
		$22.Name = ReadOnly Fields
		$22.AffectedEntity = ReadonlyField
		$22.VisibilityMask = Protected, Public
		$22.NamingStyle = PascalCase
		$22.IncludeInstanceMembers = True
		$22.IncludeStaticEntities = False
		$8.NamingRule = $23
		$23.Name = Constant Fields
		$23.AffectedEntity = ConstantField
		$23.VisibilityMask = Protected, Public
		$23.NamingStyle = PascalCase
		$23.IncludeInstanceMembers = True
		$23.IncludeStaticEntities = True
		$8.NamingRule = $24
		$24.Name = Properties
		$24.AffectedEntity = Property
		$24.VisibilityMask = Protected, Public
		$24.NamingStyle = PascalCase
		$24.IncludeInstanceMembers = True
		$24.IncludeStaticEntities = True
		$8.NamingRule = $25
		$25.Name = Events
		$25.AffectedEntity = Event
		$25.VisibilityMask = Protected, Public
		$25.NamingStyle = PascalCase
		$25.IncludeInstanceMembers = True
		$25.IncludeStaticEntities = True
		$8.NamingRule = $26
		$26.Name = Enum Members
		$26.AffectedEntity = EnumMember
		$26.VisibilityMask = VisibilityMask
		$26.NamingStyle = PascalCase
		$26.IncludeInstanceMembers = True
		$26.IncludeStaticEntities = True
		$8.NamingRule = $27
		$27.Name = Parameters
		$27.AffectedEntity = Parameter
		$27.VisibilityMask = VisibilityMask
		$27.NamingStyle = CamelCase
		$27.IncludeInstanceMembers = True
		$27.IncludeStaticEntities = True
		$8.NamingRule = $28
		$28.Name = Type Parameters
		$28.RequiredPrefixes = $29
		$29.String = T
		$28.AffectedEntity = TypeParameter
		$28.VisibilityMask = VisibilityMask
		$28.NamingStyle = PascalCase
		$28.IncludeInstanceMembers = True
		$28.IncludeStaticEntities = True
		$0.TextStylePolicy = $30
		$30.inheritsSet = null
		$30.scope = text/x-csharp
		$0.CSharpFormattingPolicy = $31
		$31.IndentSwitchBody = True
		$31.NamespaceBraceStyle = EndOfLine
		$31.ClassBraceStyle = EndOfLine
		$31.InterfaceBraceStyle = EndOfLine
		$31.StructBraceStyle = EndOfLine
		$31.EnumBraceStyle = EndOfLine
		$31.MethodBraceStyle = EndOfLine
		$31.ConstructorBraceStyle = EndOfLine
		$31.DestructorBraceStyle = EndOfLine
		$31.ElseIfNewLinePlacement = SameLine
		$31.BeforeMethodDeclarationParentheses = False
		$31.BeforeMethodCallParentheses = False
		$31.BeforeConstructorDeclarationParentheses = False
		$31.BeforeIndexerDeclarationBracket = False
		$31.BeforeDelegateDeclarationParentheses = False
		$31.AfterDelegateDeclarationParameterComma = True
		$31.NewParentheses = False
		$31.SpacesBeforeBrackets = False
		$31.inheritsSet = Mono
		$31.inheritsScope = text/x-csharp
		$31.scope = text/x-csharp
		$0.TextStylePolicy = $32
		$32.FileWidth = 120
		$32.NoTabsAfterNonTabs = True
		$32.inheritsSet = VisualStudio
		$32.inheritsScope = text/plain
		$32.scope = text/plain
	EndGlobalSection
EndGlobal
